
Microsoft Visual Studio Solution File, Format Version 12.00
Project("{FAE04EC0-301F-11D3-BF4B-00C04F79EFBC}") = "Overflow.AppHost", "Overflow.AppHost\Overflow.AppHost.csproj", "{68CE0215-2123-43C3-A359-C2349DFEE2DC}"
EndProject
Project("{FAE04EC0-301F-11D3-BF4B-00C04F79EFBC}") = "Overflow.ServiceDefaults", "Overflow.ServiceDefaults\Overflow.ServiceDefaults.csproj", "{536C4735-C663-40F2-9DC6-64D015665074}"
EndProject
Project("{2150E333-8FDC-42A3-9474-1A3956D46DE8}") = "services", "services", "{F5586EEF-99B2-48D0-A7DF-C49F7AE1097E}"
EndProject
Project("{FAE04EC0-301F-11D3-BF4B-00C04F79EFBC}") = "QuestionService", "QuestionService\QuestionService.csproj", "{ACB5CD55-6C3E-4D58-B9E4-885A672F86C2}"
EndProject
Project("{FAE04EC0-301F-11D3-BF4B-00C04F79EFBC}") = "SearchService", "SearchService\SearchService.csproj", "{CE94B0C1-E7FE-479D-BCB3-62A8EE5FE193}"
EndProject
Project("{2150E333-8FDC-42A3-9474-1A3956D46DE8}") = "common", "common", "{1BEA9D39-7DAA-416E-B2F6-409EC03DAC21}"
EndProject
Project("{FAE04EC0-301F-11D3-BF4B-00C04F79EFBC}") = "Contracts", "Contracts\Contracts.csproj", "{DFE2EC20-5105-43E8-85E4-47DF2A47C4B5}"
EndProject
Global
	GlobalSection(SolutionConfigurationPlatforms) = preSolution
		Debug|Any CPU = Debug|Any CPU
		Release|Any CPU = Release|Any CPU
	EndGlobalSection
	GlobalSection(ProjectConfigurationPlatforms) = postSolution
		{68CE0215-2123-43C3-A359-C2349DFEE2DC}.Debug|Any CPU.ActiveCfg = Debug|Any CPU
		{68CE0215-2123-43C3-A359-C2349DFEE2DC}.Debug|Any CPU.Build.0 = Debug|Any CPU
		{68CE0215-2123-43C3-A359-C2349DFEE2DC}.Release|Any CPU.ActiveCfg = Release|Any CPU
		{68CE0215-2123-43C3-A359-C2349DFEE2DC}.Release|Any CPU.Build.0 = Release|Any CPU
		{536C4735-C663-40F2-9DC6-64D015665074}.Debug|Any CPU.ActiveCfg = Debug|Any CPU
		{536C4735-C663-40F2-9DC6-64D015665074}.Debug|Any CPU.Build.0 = Debug|Any CPU
		{536C4735-C663-40F2-9DC6-64D015665074}.Release|Any CPU.ActiveCfg = Release|Any CPU
		{536C4735-C663-40F2-9DC6-64D015665074}.Release|Any CPU.Build.0 = Release|Any CPU
		{ACB5CD55-6C3E-4D58-B9E4-885A672F86C2}.Debug|Any CPU.ActiveCfg = Debug|Any CPU
		{ACB5CD55-6C3E-4D58-B9E4-885A672F86C2}.Debug|Any CPU.Build.0 = Debug|Any CPU
		{ACB5CD55-6C3E-4D58-B9E4-885A672F86C2}.Release|Any CPU.ActiveCfg = Release|Any CPU
		{ACB5CD55-6C3E-4D58-B9E4-885A672F86C2}.Release|Any CPU.Build.0 = Release|Any CPU
		{CE94B0C1-E7FE-479D-BCB3-62A8EE5FE193}.Debug|Any CPU.ActiveCfg = Debug|Any CPU
		{CE94B0C1-E7FE-479D-BCB3-62A8EE5FE193}.Debug|Any CPU.Build.0 = Debug|Any CPU
		{CE94B0C1-E7FE-479D-BCB3-62A8EE5FE193}.Release|Any CPU.ActiveCfg = Release|Any CPU
		{CE94B0C1-E7FE-479D-BCB3-62A8EE5FE193}.Release|Any CPU.Build.0 = Release|Any CPU
		{DFE2EC20-5105-43E8-85E4-47DF2A47C4B5}.Debug|Any CPU.ActiveCfg = Debug|Any CPU
		{DFE2EC20-5105-43E8-85E4-47DF2A47C4B5}.Debug|Any CPU.Build.0 = Debug|Any CPU
		{DFE2EC20-5105-43E8-85E4-47DF2A47C4B5}.Release|Any CPU.ActiveCfg = Release|Any CPU
		{DFE2EC20-5105-43E8-85E4-47DF2A47C4B5}.Release|Any CPU.Build.0 = Release|Any CPU
	EndGlobalSection
	GlobalSection(NestedProjects) = preSolution
		{ACB5CD55-6C3E-4D58-B9E4-885A672F86C2} = {F5586EEF-99B2-48D0-A7DF-C49F7AE1097E}
		{CE94B0C1-E7FE-479D-BCB3-62A8EE5FE193} = {F5586EEF-99B2-48D0-A7DF-C49F7AE1097E}
		{DFE2EC20-5105-43E8-85E4-47DF2A47C4B5} = {1BEA9D39-7DAA-416E-B2F6-409EC03DAC21}
	EndGlobalSection
EndGlobal
